
Microsoft Visual Studio Solution File, Format Version 12.00
# Visual Studio Version 17
VisualStudioVersion = 17.0.31903.59
MinimumVisualStudioVersion = 10.0.40219.1
Project("{9A19103F-16F7-4668-BE54-9A1E7A4F7556}") = "Domain", "Domain\Domain.csproj", "{785EF92F-6C45-4E75-B5EE-871CBA2FE5CB}"
EndProject
Project("{9A19103F-16F7-4668-BE54-9A1E7A4F7556}") = "Data", "Data\Data.csproj", "{75F57B2D-96DE-4875-B150-71B211D2C2F0}"
EndProject
Project("{9A19103F-16F7-4668-BE54-9A1E7A4F7556}") = "Business", "Business\Business.csproj", "{608B6D59-700B-4DA6-ADF0-CF60F13891E0}"
EndProject
Project("{9A19103F-16F7-4668-BE54-9A1E7A4F7556}") = "Web", "Web\Web.csproj", "{98B4D4BC-1F42-4C56-9DE6-4889BA19F07B}"
EndProject
Project("{FAE04EC0-301F-11D3-BF4B-00C04F79EFBC}") = "Api", "Api\Api.csproj", "{F24FECE0-18FF-4833-95D3-7B9A99AB4291}"
EndProject
Global
	GlobalSection(SolutionConfigurationPlatforms) = preSolution
		Debug|Any CPU = Debug|Any CPU
		Release|Any CPU = Release|Any CPU
	EndGlobalSection
	GlobalSection(ProjectConfigurationPlatforms) = postSolution
		{785EF92F-6C45-4E75-B5EE-871CBA2FE5CB}.Debug|Any CPU.ActiveCfg = Debug|Any CPU
		{785EF92F-6C45-4E75-B5EE-871CBA2FE5CB}.Debug|Any CPU.Build.0 = Debug|Any CPU
		{785EF92F-6C45-4E75-B5EE-871CBA2FE5CB}.Release|Any CPU.ActiveCfg = Release|Any CPU
		{785EF92F-6C45-4E75-B5EE-871CBA2FE5CB}.Release|Any CPU.Build.0 = Release|Any CPU
		{75F57B2D-96DE-4875-B150-71B211D2C2F0}.Debug|Any CPU.ActiveCfg = Debug|Any CPU
		{75F57B2D-96DE-4875-B150-71B211D2C2F0}.Debug|Any CPU.Build.0 = Debug|Any CPU
		{75F57B2D-96DE-4875-B150-71B211D2C2F0}.Release|Any CPU.ActiveCfg = Release|Any CPU
		{75F57B2D-96DE-4875-B150-71B211D2C2F0}.Release|Any CPU.Build.0 = Release|Any CPU
		{608B6D59-700B-4DA6-ADF0-CF60F13891E0}.Debug|Any CPU.ActiveCfg = Debug|Any CPU
		{608B6D59-700B-4DA6-ADF0-CF60F13891E0}.Debug|Any CPU.Build.0 = Debug|Any CPU
		{608B6D59-700B-4DA6-ADF0-CF60F13891E0}.Release|Any CPU.ActiveCfg = Release|Any CPU
		{608B6D59-700B-4DA6-ADF0-CF60F13891E0}.Release|Any CPU.Build.0 = Release|Any CPU
		{98B4D4BC-1F42-4C56-9DE6-4889BA19F07B}.Debug|Any CPU.ActiveCfg = Debug|Any CPU
		{98B4D4BC-1F42-4C56-9DE6-4889BA19F07B}.Debug|Any CPU.Build.0 = Debug|Any CPU
		{98B4D4BC-1F42-4C56-9DE6-4889BA19F07B}.Release|Any CPU.ActiveCfg = Release|Any CPU
		{98B4D4BC-1F42-4C56-9DE6-4889BA19F07B}.Release|Any CPU.Build.0 = Release|Any CPU
		{F24FECE0-18FF-4833-95D3-7B9A99AB4291}.Debug|Any CPU.ActiveCfg = Debug|Any CPU
		{F24FECE0-18FF-4833-95D3-7B9A99AB4291}.Debug|Any CPU.Build.0 = Debug|Any CPU
		{F24FECE0-18FF-4833-95D3-7B9A99AB4291}.Release|Any CPU.ActiveCfg = Release|Any CPU
		{F24FECE0-18FF-4833-95D3-7B9A99AB4291}.Release|Any CPU.Build.0 = Release|Any CPU
	EndGlobalSection
	GlobalSection(SolutionProperties) = preSolution
		HideSolutionNode = FALSE
	EndGlobalSection
	GlobalSection(ExtensibilityGlobals) = postSolution
		SolutionGuid = {B9745AD0-9C35-4716-8079-7641A16C550F}
	EndGlobalSection
EndGlobal
